// !$*UTF8*$!
{
	archiveVersion = 1;
	classes = {
	};
	objectVersion = 50;
	objects = {

/* Begin PBXBuildFile section */
		11061BCC25F27F90008327DD /* AppDelegate.swift in Sources */ = {isa = PBXBuildFile; fileRef = 11061BCB25F27F90008327DD /* AppDelegate.swift */; };
		11061BCE25F27F90008327DD /* SceneDelegate.swift in Sources */ = {isa = PBXBuildFile; fileRef = 11061BCD25F27F90008327DD /* SceneDelegate.swift */; };
		11061BD025F27F90008327DD /* ViewController.swift in Sources */ = {isa = PBXBuildFile; fileRef = 11061BCF25F27F90008327DD /* ViewController.swift */; };
		11061BD325F27F90008327DD /* Main.storyboard in Resources */ = {isa = PBXBuildFile; fileRef = 11061BD125F27F90008327DD /* Main.storyboard */; };
		11061BD525F27F92008327DD /* Assets.xcassets in Resources */ = {isa = PBXBuildFile; fileRef = 11061BD425F27F92008327DD /* Assets.xcassets */; };
		11061BD825F27F92008327DD /* LaunchScreen.storyboard in Resources */ = {isa = PBXBuildFile; fileRef = 11061BD625F27F92008327DD /* LaunchScreen.storyboard */; };
		11061BE125F283C9008327DD /* PhotoController.swift in Sources */ = {isa = PBXBuildFile; fileRef = 11061BE025F283C9008327DD /* PhotoController.swift */; };
		117CE78E2602EB7700F9582B /* ResultController.swift in Sources */ = {isa = PBXBuildFile; fileRef = 117CE78D2602EB7700F9582B /* ResultController.swift */; };
/* End PBXBuildFile section */

/* Begin PBXFileReference section */
		11061BC825F27F90008327DD /* Imagin.app */ = {isa = PBXFileReference; explicitFileType = wrapper.application; includeInIndex = 0; path = Imagin.app; sourceTree = BUILT_PRODUCTS_DIR; };
		11061BCB25F27F90008327DD /* AppDelegate.swift */ = {isa = PBXFileReference; lastKnownFileType = sourcecode.swift; path = AppDelegate.swift; sourceTree = "<group>"; };
		11061BCD25F27F90008327DD /* SceneDelegate.swift */ = {isa = PBXFileReference; lastKnownFileType = sourcecode.swift; path = SceneDelegate.swift; sourceTree = "<group>"; };
		11061BCF25F27F90008327DD /* ViewController.swift */ = {isa = PBXFileReference; lastKnownFileType = sourcecode.swift; path = ViewController.swift; sourceTree = "<group>"; };
		11061BD225F27F90008327DD /* Base */ = {isa = PBXFileReference; lastKnownFileType = file.storyboard; name = Base; path = Base.lproj/Main.storyboard; sourceTree = "<group>"; };
		11061BD425F27F92008327DD /* Assets.xcassets */ = {isa = PBXFileReference; lastKnownFileType = folder.assetcatalog; path = Assets.xcassets; sourceTree = "<group>"; };
		11061BD725F27F92008327DD /* Base */ = {isa = PBXFileReference; lastKnownFileType = file.storyboard; name = Base; path = Base.lproj/LaunchScreen.storyboard; sourceTree = "<group>"; };
		11061BD925F27F92008327DD /* Info.plist */ = {isa = PBXFileReference; lastKnownFileType = text.plist.xml; path = Info.plist; sourceTree = "<group>"; };
		11061BE025F283C9008327DD /* PhotoController.swift */ = {isa = PBXFileReference; lastKnownFileType = sourcecode.swift; path = PhotoController.swift; sourceTree = "<group>"; };
		117CE78D2602EB7700F9582B /* ResultController.swift */ = {isa = PBXFileReference; lastKnownFileType = sourcecode.swift; path = ResultController.swift; sourceTree = "<group>"; };
/* End PBXFileReference section */

/* Begin PBXFrameworksBuildPhase section */
		11061BC525F27F90008327DD /* Frameworks */ = {
			isa = PBXFrameworksBuildPhase;
			buildActionMask = 2147483647;
			files = (
			);
			runOnlyForDeploymentPostprocessing = 0;
		};
/* End PBXFrameworksBuildPhase section */

/* Begin PBXGroup section */
		11061BBF25F27F90008327DD = {
			isa = PBXGroup;
			children = (
				11061BCA25F27F90008327DD /* Imagin */,
				11061BC925F27F90008327DD /* Products */,
			);
			sourceTree = "<group>";
		};
		11061BC925F27F90008327DD /* Products */ = {
			isa = PBXGroup;
			children = (
				11061BC825F27F90008327DD /* Imagin.app */,
			);
			name = Products;
			sourceTree = "<group>";
		};
		11061BCA25F27F90008327DD /* Imagin */ = {
			isa = PBXGroup;
			children = (
				11061BCB25F27F90008327DD /* AppDelegate.swift */,
				11061BCD25F27F90008327DD /* SceneDelegate.swift */,
				11061BCF25F27F90008327DD /* ViewController.swift */,
				11061BD125F27F90008327DD /* Main.storyboard */,
				11061BD425F27F92008327DD /* Assets.xcassets */,
				11061BD625F27F92008327DD /* LaunchScreen.storyboard */,
				11061BD925F27F92008327DD /* Info.plist */,
				11061BE025F283C9008327DD /* PhotoController.swift */,
				117CE78D2602EB7700F9582B /* ResultController.swift */,
			);
			path = Imagin;
			sourceTree = "<group>";
		};
/* End PBXGroup section */

/* Begin PBXNativeTarget section */
		11061BC725F27F90008327DD /* Imagin */ = {
			isa = PBXNativeTarget;
			buildConfigurationList = 11061BDC25F27F92008327DD /* Build configuration list for PBXNativeTarget "Imagin" */;
			buildPhases = (
				11061BC425F27F90008327DD /* Sources */,
				11061BC525F27F90008327DD /* Frameworks */,
				11061BC625F27F90008327DD /* Resources */,
			);
			buildRules = (
			);
			dependencies = (
			);
			name = Imagin;
			productName = Imagin;
			productReference = 11061BC825F27F90008327DD /* Imagin.app */;
			productType = "com.apple.product-type.application";
		};
/* End PBXNativeTarget section */

/* Begin PBXProject section */
		11061BC025F27F90008327DD /* Project object */ = {
			isa = PBXProject;
			attributes = {
				LastSwiftUpdateCheck = 1240;
				LastUpgradeCheck = 1240;
				TargetAttributes = {
					11061BC725F27F90008327DD = {
						CreatedOnToolsVersion = 12.4;
					};
				};
			};
			buildConfigurationList = 11061BC325F27F90008327DD /* Build configuration list for PBXProject "Imagin" */;
			compatibilityVersion = "Xcode 9.3";
			developmentRegion = en;
			hasScannedForEncodings = 0;
			knownRegions = (
				en,
				Base,
			);
			mainGroup = 11061BBF25F27F90008327DD;
			productRefGroup = 11061BC925F27F90008327DD /* Products */;
			projectDirPath = "";
			projectRoot = "";
			targets = (
				11061BC725F27F90008327DD /* Imagin */,
			);
		};
/* End PBXProject section */

/* Begin PBXResourcesBuildPhase section */
		11061BC625F27F90008327DD /* Resources */ = {
			isa = PBXResourcesBuildPhase;
			buildActionMask = 2147483647;
			files = (
				11061BD825F27F92008327DD /* LaunchScreen.storyboard in Resources */,
				11061BD525F27F92008327DD /* Assets.xcassets in Resources */,
				11061BD325F27F90008327DD /* Main.storyboard in Resources */,
			);
			runOnlyForDeploymentPostprocessing = 0;
		};
/* End PBXResourcesBuildPhase section */

/* Begin PBXSourcesBuildPhase section */
		11061BC425F27F90008327DD /* Sources */ = {
			isa = PBXSourcesBuildPhase;
			buildActionMask = 2147483647;
			files = (
				11061BD025F27F90008327DD /* ViewController.swift in Sources */,
				11061BCC25F27F90008327DD /* AppDelegate.swift in Sources */,
				117CE78E2602EB7700F9582B /* ResultController.swift in Sources */,
				11061BE125F283C9008327DD /* PhotoController.swift in Sources */,
				11061BCE25F27F90008327DD /* SceneDelegate.swift in Sources */,
			);
			runOnlyForDeploymentPostprocessing = 0;
		};
/* End PBXSourcesBuildPhase section */

/* Begin PBXVariantGroup section */
		11061BD125F27F90008327DD /* Main.storyboard */ = {
			isa = PBXVariantGroup;
			children = (
				11061BD225F27F90008327DD /* Base */,
			);
			name = Main.storyboard;
			sourceTree = "<group>";
		};
		11061BD625F27F92008327DD /* LaunchScreen.storyboard */ = {
			isa = PBXVariantGroup;
			children = (
				11061BD725F27F92008327DD /* Base */,
			);
			name = LaunchScreen.storyboard;
			sourceTree = "<group>";
		};
/* End PBXVariantGroup section */

/* Begin XCBuildConfiguration section */
		11061BDA25F27F92008327DD /* Debug */ = {
			isa = XCBuildConfiguration;
			buildSettings = {
				ALWAYS_SEARCH_USER_PATHS = NO;
				CLANG_ANALYZER_NONNULL = YES;
				CLANG_ANALYZER_NUMBER_OBJECT_CONVERSION = YES_AGGRESSIVE;
				CLANG_CXX_LANGUAGE_STANDARD = "gnu++14";
				CLANG_CXX_LIBRARY = "libc++";
				CLANG_ENABLE_MODULES = YES;
				CLANG_ENABLE_OBJC_ARC = YES;
				CLANG_ENABLE_OBJC_WEAK = YES;
				CLANG_WARN_BLOCK_CAPTURE_AUTORELEASING = YES;
				CLANG_WARN_BOOL_CONVERSION = YES;
				CLANG_WARN_COMMA = YES;
				CLANG_WARN_CONSTANT_CONVERSION = YES;
				CLANG_WARN_DEPRECATED_OBJC_IMPLEMENTATIONS = YES;
				CLANG_WARN_DIRECT_OBJC_ISA_USAGE = YES_ERROR;
				CLANG_WARN_DOCUMENTATION_COMMENTS = YES;
				CLANG_WARN_EMPTY_BODY = YES;
				CLANG_WARN_ENUM_CONVERSION = YES;
				CLANG_WARN_INFINITE_RECURSION = YES;
				CLANG_WARN_INT_CONVERSION = YES;
				CLANG_WARN_NON_LITERAL_NULL_CONVERSION = YES;
				CLANG_WARN_OBJC_IMPLICIT_RETAIN_SELF = YES;
				CLANG_WARN_OBJC_LITERAL_CONVERSION = YES;
				CLANG_WARN_OBJC_ROOT_CLASS = YES_ERROR;
				CLANG_WARN_QUOTED_INCLUDE_IN_FRAMEWORK_HEADER = YES;
				CLANG_WARN_RANGE_LOOP_ANALYSIS = YES;
				CLANG_WARN_STRICT_PROTOTYPES = YES;
				CLANG_WARN_SUSPICIOUS_MOVE = YES;
				CLANG_WARN_UNGUARDED_AVAILABILITY = YES_AGGRESSIVE;
				CLANG_WARN_UNREACHABLE_CODE = YES;
				CLANG_WARN__DUPLICATE_METHOD_MATCH = YES;
				COPY_PHASE_STRIP = NO;
				DEBUG_INFORMATION_FORMAT = dwarf;
				ENABLE_STRICT_OBJC_MSGSEND = YES;
				ENABLE_TESTABILITY = YES;
				GCC_C_LANGUAGE_STANDARD = gnu11;
				GCC_DYNAMIC_NO_PIC = NO;
				GCC_NO_COMMON_BLOCKS = YES;
				GCC_OPTIMIZATION_LEVEL = 0;
				GCC_PREPROCESSOR_DEFINITIONS = (
					"DEBUG=1",
					"$(inherited)",
				);
				GCC_WARN_64_TO_32_BIT_CONVERSION = YES;
				GCC_WARN_ABOUT_RETURN_TYPE = YES_ERROR;
				GCC_WARN_UNDECLARED_SELECTOR = YES;
				GCC_WARN_UNINITIALIZED_AUTOS = YES_AGGRESSIVE;
				GCC_WARN_UNUSED_FUNCTION = YES;
				GCC_WARN_UNUSED_VARIABLE = YES;
				IPHONEOS_DEPLOYMENT_TARGET = 14.4;
				MTL_ENABLE_DEBUG_INFO = INCLUDE_SOURCE;
				MTL_FAST_MATH = YES;
				ONLY_ACTIVE_ARCH = YES;
				SDKROOT = iphoneos;
				SWIFT_ACTIVE_COMPILATION_CONDITIONS = DEBUG;
				SWIFT_OPTIMIZATION_LEVEL = "-Onone";
			};
			name = Debug;
		};
		11061BDB25F27F92008327DD /* Release */ = {
			isa = XCBuildConfiguration;
			buildSettings = {
				ALWAYS_SEARCH_USER_PATHS = NO;
				CLANG_ANALYZER_NONNULL = YES;
				CLANG_ANALYZER_NUMBER_OBJECT_CONVERSION = YES_AGGRESSIVE;
				CLANG_CXX_LANGUAGE_STANDARD = "gnu++14";
				CLANG_CXX_LIBRARY = "libc++";
				CLANG_ENABLE_MODULES = YES;
				CLANG_ENABLE_OBJC_ARC = YES;
				CLANG_ENABLE_OBJC_WEAK = YES;
				CLANG_WARN_BLOCK_CAPTURE_AUTORELEASING = YES;
				CLANG_WARN_BOOL_CONVERSION = YES;
				CLANG_WARN_COMMA = YES;
				CLANG_WARN_CONSTANT_CONVERSION = YES;
				CLANG_WARN_DEPRECATED_OBJC_IMPLEMENTATIONS = YES;
				CLANG_WARN_DIRECT_OBJC_ISA_USAGE = YES_ERROR;
				CLANG_WARN_DOCUMENTATION_COMMENTS = YES;
				CLANG_WARN_EMPTY_BODY = YES;
				CLANG_WARN_ENUM_CONVERSION = YES;
				CLANG_WARN_INFINITE_RECURSION = YES;
				CLANG_WARN_INT_CONVERSION = YES;
				CLANG_WARN_NON_LITERAL_NULL_CONVERSION = YES;
				CLANG_WARN_OBJC_IMPLICIT_RETAIN_SELF = YES;
				CLANG_WARN_OBJC_LITERAL_CONVERSION = YES;
				CLANG_WARN_OBJC_ROOT_CLASS = YES_ERROR;
				CLANG_WARN_QUOTED_INCLUDE_IN_FRAMEWORK_HEADER = YES;
				CLANG_WARN_RANGE_LOOP_ANALYSIS = YES;
				CLANG_WARN_STRICT_PROTOTYPES = YES;
				CLANG_WARN_SUSPICIOUS_MOVE = YES;
				CLANG_WARN_UNGUARDED_AVAILABILITY = YES_AGGRESSIVE;
				CLANG_WARN_UNREACHABLE_CODE = YES;
				CLANG_WARN__DUPLICATE_METHOD_MATCH = YES;
				COPY_PHASE_STRIP = NO;
				DEBUG_INFORMATION_FORMAT = "dwarf-with-dsym";
				ENABLE_NS_ASSERTIONS = NO;
				ENABLE_STRICT_OBJC_MSGSEND = YES;
				GCC_C_LANGUAGE_STANDARD = gnu11;
				GCC_NO_COMMON_BLOCKS = YES;
				GCC_WARN_64_TO_32_BIT_CONVERSION = YES;
				GCC_WARN_ABOUT_RETURN_TYPE = YES_ERROR;
				GCC_WARN_UNDECLARED_SELECTOR = YES;
				GCC_WARN_UNINITIALIZED_AUTOS = YES_AGGRESSIVE;
				GCC_WARN_UNUSED_FUNCTION = YES;
				GCC_WARN_UNUSED_VARIABLE = YES;
				IPHONEOS_DEPLOYMENT_TARGET = 14.4;
				MTL_ENABLE_DEBUG_INFO = NO;
				MTL_FAST_MATH = YES;
				SDKROOT = iphoneos;
				SWIFT_COMPILATION_MODE = wholemodule;
				SWIFT_OPTIMIZATION_LEVEL = "-O";
				VALIDATE_PRODUCT = YES;
			};
			name = Release;
		};
		11061BDD25F27F92008327DD /* Debug */ = {
			isa = XCBuildConfiguration;
			buildSettings = {
				ASSETCATALOG_COMPILER_APPICON_NAME = AppIcon;
				ASSETCATALOG_COMPILER_GLOBAL_ACCENT_COLOR_NAME = AccentColor;
				CODE_SIGN_STYLE = Automatic;
				DEVELOPMENT_TEAM = Y65GN5ND4U;
				INFOPLIST_FILE = Imagin/Info.plist;
				LD_RUNPATH_SEARCH_PATHS = (
					"$(inherited)",
					"@executable_path/Frameworks",
				);
				PRODUCT_BUNDLE_IDENTIFIER = Imagin.Imagin;
				PRODUCT_NAME = "$(TARGET_NAME)";
				SWIFT_VERSION = 5.0;
				TARGETED_DEVICE_FAMILY = "1,2";
			};
			name = Debug;
		};
		11061BDE25F27F92008327DD /* Release */ = {
			isa = XCBuildConfiguration;
			buildSettings = {
				ASSETCATALOG_COMPILER_APPICON_NAME = AppIcon;
				ASSETCATALOG_COMPILER_GLOBAL_ACCENT_COLOR_NAME = AccentColor;
				CODE_SIGN_STYLE = Automatic;
				DEVELOPMENT_TEAM = Y65GN5ND4U;
				INFOPLIST_FILE = Imagin/Info.plist;
				LD_RUNPATH_SEARCH_PATHS = (
					"$(inherited)",
					"@executable_path/Frameworks",
				);
				PRODUCT_BUNDLE_IDENTIFIER = Imagin.Imagin;
				PRODUCT_NAME = "$(TARGET_NAME)";
				SWIFT_VERSION = 5.0;
				TARGETED_DEVICE_FAMILY = "1,2";
			};
			name = Release;
		};
/* End XCBuildConfiguration section */

/* Begin XCConfigurationList section */
		11061BC325F27F90008327DD /* Build configuration list for PBXProject "Imagin" */ = {
			isa = XCConfigurationList;
			buildConfigurations = (
				11061BDA25F27F92008327DD /* Debug */,
				11061BDB25F27F92008327DD /* Release */,
			);
			defaultConfigurationIsVisible = 0;
			defaultConfigurationName = Release;
		};
		11061BDC25F27F92008327DD /* Build configuration list for PBXNativeTarget "Imagin" */ = {
			isa = XCConfigurationList;
			buildConfigurations = (
				11061BDD25F27F92008327DD /* Debug */,
				11061BDE25F27F92008327DD /* Release */,
			);
			defaultConfigurationIsVisible = 0;
			defaultConfigurationName = Release;
		};
/* End XCConfigurationList section */
	};
	rootObject = 11061BC025F27F90008327DD /* Project object */;
}
